
Microsoft Visual Studio Solution File, Format Version 12.00
# Visual Studio Version 17
VisualStudioVersion = 17.3.32922.545
MinimumVisualStudioVersion = 10.0.40219.1
Project("{FAE04EC0-301F-11D3-BF4B-00C04F79EFBC}") = "SortingAlgorithms", "SortingAlgorithms\SortingAlgorithms.csproj", "{BA43DE88-321B-49D6-9DF2-2E9BC8020D7C}"
EndProject
Global
	GlobalSection(SolutionConfigurationPlatforms) = preSolution
		Debug|Any CPU = Debug|Any CPU
		Release|Any CPU = Release|Any CPU
	EndGlobalSection
	GlobalSection(ProjectConfigurationPlatforms) = postSolution
		{BA43DE88-321B-49D6-9DF2-2E9BC8020D7C}.Debug|Any CPU.ActiveCfg = Debug|Any CPU
		{BA43DE88-321B-49D6-9DF2-2E9BC8020D7C}.Debug|Any CPU.Build.0 = Debug|Any CPU
		{BA43DE88-321B-49D6-9DF2-2E9BC8020D7C}.Release|Any CPU.ActiveCfg = Release|Any CPU
		{BA43DE88-321B-49D6-9DF2-2E9BC8020D7C}.Release|Any CPU.Build.0 = Release|Any CPU
	EndGlobalSection
	GlobalSection(SolutionProperties) = preSolution
		HideSolutionNode = FALSE
	EndGlobalSection
	GlobalSection(ExtensibilityGlobals) = postSolution
		SolutionGuid = {6E1660FA-0E02-4D1E-9C12-2E8C72D91E1A}
	EndGlobalSection
EndGlobal
